
Microsoft Visual Studio Solution File, Format Version 12.00
# Visual Studio Version 17
VisualStudioVersion = 17.2.32630.192
MinimumVisualStudioVersion = 10.0.40219.1
Project("{FAE04EC0-301F-11D3-BF4B-00C04F79EFBC}") = "lesson 2", "lesson 2\lesson 2.csproj", "{36691B9F-DC48-4EF9-8997-39A5D2AB14B3}"
EndProject
Global
	GlobalSection(SolutionConfigurationPlatforms) = preSolution
		Debug|Any CPU = Debug|Any CPU
		Release|Any CPU = Release|Any CPU
	EndGlobalSection
	GlobalSection(ProjectConfigurationPlatforms) = postSolution
		{36691B9F-DC48-4EF9-8997-39A5D2AB14B3}.Debug|Any CPU.ActiveCfg = Debug|Any CPU
		{36691B9F-DC48-4EF9-8997-39A5D2AB14B3}.Debug|Any CPU.Build.0 = Debug|Any CPU
		{36691B9F-DC48-4EF9-8997-39A5D2AB14B3}.Release|Any CPU.ActiveCfg = Release|Any CPU
		{36691B9F-DC48-4EF9-8997-39A5D2AB14B3}.Release|Any CPU.Build.0 = Release|Any CPU
	EndGlobalSection
	GlobalSection(SolutionProperties) = preSolution
		HideSolutionNode = FALSE
	EndGlobalSection
	GlobalSection(ExtensibilityGlobals) = postSolution
		SolutionGuid = {997AA27D-D778-4F12-B87E-8930897AAA80}
	EndGlobalSection
EndGlobal
